
Microsoft Visual Studio Solution File, Format Version 12.00
# Visual Studio Version 17
VisualStudioVersion = 17.1.32228.430
MinimumVisualStudioVersion = 10.0.40219.1
Project("{FAE04EC0-301F-11D3-BF4B-00C04F79EFBC}") = "EntityFrameworkEducation", "EntityFrameworkEducation.csproj", "{03883597-95FD-4C61-BCE5-FFD0D4C73911}"
EndProject
Global
	GlobalSection(SolutionConfigurationPlatforms) = preSolution
		Debug|Any CPU = Debug|Any CPU
		Release|Any CPU = Release|Any CPU
	EndGlobalSection
	GlobalSection(ProjectConfigurationPlatforms) = postSolution
		{03883597-95FD-4C61-BCE5-FFD0D4C73911}.Debug|Any CPU.ActiveCfg = Debug|Any CPU
		{03883597-95FD-4C61-BCE5-FFD0D4C73911}.Debug|Any CPU.Build.0 = Debug|Any CPU
		{03883597-95FD-4C61-BCE5-FFD0D4C73911}.Release|Any CPU.ActiveCfg = Release|Any CPU
		{03883597-95FD-4C61-BCE5-FFD0D4C73911}.Release|Any CPU.Build.0 = Release|Any CPU
	EndGlobalSection
	GlobalSection(SolutionProperties) = preSolution
		HideSolutionNode = FALSE
	EndGlobalSection
	GlobalSection(ExtensibilityGlobals) = postSolution
		SolutionGuid = {530CBCF1-6136-4C41-8A0B-18DCCA793790}
	EndGlobalSection
EndGlobal
